<?xml version="1.0" encoding="utf-8"?>
<Project ToolsVersion="4.0" xmlns="http://schemas.microsoft.com/developer/msbuild/2003">
  <ItemGroup>
    <Filter Include="Source Files">
      <UniqueIdentifier>{4FC737F1-C7A5-4376-A066-2A32D752A2FF}</UniqueIdentifier>
      <Extensions>cpp;c;cc;cxx;def;odl;idl;hpj;bat;asm;asmx</Extensions>
    </Filter>
    <Filter Include="Header Files">
      <UniqueIdentifier>{93995380-89BD-4b04-88EB-625FBE52EBFB}</UniqueIdentifier>
      <Extensions>h;hpp;hxx;hm;inl;inc;xsd</Extensions>
    </Filter>
    <Filter Include="Resource Files">
      <UniqueIdentifier>{67DA6AB6-F800-4c08-8B7A-83BB121AAD01}</UniqueIdentifier>
      <Extensions>rc;ico;cur;bmp;dlg;rc2;rct;bin;rgs;gif;jpg;jpeg;jpe;resx;tiff;tif;png;wav;mfcribbon-ms</Extensions>
    </Filter>
  </ItemGroup>
  <ItemGroup>
    <None Include="ReadMe.txt" />
    <None Include="include\bug_reproducer_assistant\TypesSerializer.inl">
      <Filter>Source Files</Filter>
    </None>
  </ItemGroup>
  <ItemGroup>
    <ClInclude Include="include\bug_reproducer_assistant\Dummy.h">
      <Filter>Header Files</Filter>
    </ClInclude>
    <ClInclude Include="include\bug_reproducer_assistant\LanguageType.h">
      <Filter>Header Files</Filter>
    </ClInclude>
    <ClInclude Include="include\bug_reproducer_assistant\LanguageObject.h">
      <Filter>Header Files</Filter>
    </ClInclude>
    <ClInclude Include="include\bug_reproducer_assistant\Base.h">
      <Filter>Header Files</Filter>
    </ClInclude>
    <ClInclude Include="include\bug_reproducer_assistant\Argument.h">
      <Filter>Header Files</Filter>
    </ClInclude>
    <ClInclude Include="include\bug_reproducer_assistant\FunctionCall.h">
      <Filter>Header Files</Filter>
    </ClInclude>
    <ClInclude Include="include\bug_reproducer_assistant\ProgramExecution.h">
      <Filter>Header Files</Filter>
    </ClInclude>
    <ClInclude Include="include\bug_reproducer_assistant\bug_reproducer_assistant.h">
      <Filter>Header Files</Filter>
    </ClInclude>
    <ClInclude Include="include\bug_reproducer_assistant\CallGraphSerializer.h">
      <Filter>Header Files</Filter>
    </ClInclude>
    <ClInclude Include="include\bug_reproducer_assistant\Annotation.h">
      <Filter>Header Files</Filter>
    </ClInclude>
    <ClInclude Include="include\bug_reproducer_assistant\Annotator.h">
      <Filter>Header Files</Filter>
    </ClInclude>
    <ClInclude Include="include\bug_reproducer_assistant\cplusplus_language.h">
      <Filter>Header Files</Filter>
    </ClInclude>
    <ClInclude Include="include\bug_reproducer_assistant\Json_specific.h">
      <Filter>Header Files</Filter>
    </ClInclude>
    <ClInclude Include="include\bug_reproducer_assistant\TypesSerializer.h">
      <Filter>Header Files</Filter>
    </ClInclude>
  </ItemGroup>
  <ItemGroup>
    <ClCompile Include="src\LanguageObject.cpp">
      <Filter>Source Files</Filter>
    </ClCompile>
    <ClCompile Include="src\FunctionCall.cpp">
      <Filter>Source Files</Filter>
    </ClCompile>
    <ClCompile Include="src\ProgramExecution.cpp">
      <Filter>Source Files</Filter>
    </ClCompile>
    <ClCompile Include="src\CallGraphSerializer.cpp">
      <Filter>Source Files</Filter>
    </ClCompile>
    <ClCompile Include="src\Annotator.cpp">
      <Filter>Source Files</Filter>
    </ClCompile>
    <ClCompile Include="src\cplusplus_language.cpp">
      <Filter>Source Files</Filter>
    </ClCompile>
    <ClCompile Include="src\Json_specific.cpp">
      <Filter>Source Files</Filter>
    </ClCompile>
  </ItemGroup>
</Project>